<?xml version="1.0" encoding="utf-8"?>
<Project ToolsVersion="4.0" xmlns="http://schemas.microsoft.com/developer/msbuild/2003">
  <ItemGroup>
    <Filter Include="Source Files">
      <UniqueIdentifier>{4FC737F1-C7A5-4376-A066-2A32D752A2FF}</UniqueIdentifier>
      <Extensions>cpp;c;cc;cxx;def;odl;idl;hpj;bat;asm;asmx</Extensions>
    </Filter>
    <Filter Include="Header Files">
      <UniqueIdentifier>{93995380-89BD-4b04-88EB-625FBE52EBFB}</UniqueIdentifier>
      <Extensions>h;hh;hpp;hxx;hm;inl;inc;xsd</Extensions>
    </Filter>
    <Filter Include="Resource Files">
      <UniqueIdentifier>{67DA6AB6-F800-4c08-8B7A-83BB121AAD01}</UniqueIdentifier>
      <Extensions>rc;ico;cur;bmp;dlg;rc2;rct;bin;rgs;gif;jpg;jpeg;jpe;resx;tiff;tif;png;wav;mfcribbon-ms</Extensions>
    </Filter>
    <Filter Include="Source Files\Entity">
      <UniqueIdentifier>{b9c731df-54ff-4b0b-bb09-fa57a2ffe765}</UniqueIdentifier>
    </Filter>
    <Filter Include="Source Files\Player">
      <UniqueIdentifier>{b41dc805-dd77-43c3-9e59-0998d69cc816}</UniqueIdentifier>
    </Filter>
    <Filter Include="Source Files\AI">
      <UniqueIdentifier>{f587d62d-ff1c-4a93-9b2f-05fb0e57bdcf}</UniqueIdentifier>
    </Filter>
    <Filter Include="Source Files\Projectile">
      <UniqueIdentifier>{884b49e5-09b8-4cf9-b256-465b71470e70}</UniqueIdentifier>
    </Filter>
    <Filter Include="Source Files\Misc">
      <UniqueIdentifier>{b869eb4a-6341-4f95-bf9f-466b37a5094d}</UniqueIdentifier>
    </Filter>
    <Filter Include="Source Files\Player\Weapon">
      <UniqueIdentifier>{25554a59-2c79-4165-aa48-7c4409508f9d}</UniqueIdentifier>
    </Filter>
    <Filter Include="Source Files\Player\Skill">
      <UniqueIdentifier>{28b00a22-5b90-4df3-9101-de1e9fde1e77}</UniqueIdentifier>
    </Filter>
    <Filter Include="Header Files\Entity">
      <UniqueIdentifier>{d828f26d-d7bc-4be2-bac8-38dc9aefabde}</UniqueIdentifier>
    </Filter>
    <Filter Include="Header Files\AI">
      <UniqueIdentifier>{b68fcf78-6b09-4efe-b7d3-68b7347a2997}</UniqueIdentifier>
    </Filter>
    <Filter Include="Header Files\Misc">
      <UniqueIdentifier>{34bce9c0-e044-4a26-937c-f1ea1caa60e7}</UniqueIdentifier>
    </Filter>
    <Filter Include="Header Files\Projectile">
      <UniqueIdentifier>{a2f049d7-acbb-464a-934c-a9b25de0d46c}</UniqueIdentifier>
    </Filter>
    <Filter Include="Header Files\Player">
      <UniqueIdentifier>{b2b000dd-b040-426d-9292-4f253e9b3a8d}</UniqueIdentifier>
    </Filter>
    <Filter Include="Header Files\Player\Weapon">
      <UniqueIdentifier>{681e0de0-1726-4fe1-920d-f145a2dd01a0}</UniqueIdentifier>
    </Filter>
    <Filter Include="Header Files\Player\Skill">
      <UniqueIdentifier>{6cb42620-bff4-47fb-8226-3cb09d58fa12}</UniqueIdentifier>
    </Filter>
  </ItemGroup>
  <ItemGroup>
    <ClInclude Include="include\Logic.h">
      <Filter>Header Files</Filter>
    </ClInclude>
    <ClInclude Include="include\Game.h">
      <Filter>Header Files</Filter>
    </ClInclude>
    <ClInclude Include="include\Entity\Entity.h">
      <Filter>Header Files\Entity</Filter>
    </ClInclude>
    <ClInclude Include="include\Entity\Object.h">
      <Filter>Header Files\Entity</Filter>
    </ClInclude>
    <ClInclude Include="include\Player\Player.h">
      <Filter>Header Files</Filter>
    </ClInclude>
<<<<<<< HEAD
    <ClInclude Include="include\AI\EntityManager.h">
=======
    <ClInclude Include="include\Player\Weapon\Weapon.h">
      <Filter>Header Files</Filter>
    </ClInclude>
    <ClInclude Include="include\Player\Weapon\WeaponManager.h">
      <Filter>Header Files</Filter>
    </ClInclude>
    <ClInclude Include="include\Player\ActionManager.h">
>>>>>>> 98bea63279670e23c4c689bd3876564708fe2eea
      <Filter>Header Files</Filter>
    </ClInclude>
    <ClInclude Include="include\Player\Skill\Skill.h">
      <Filter>Header Files</Filter>
    </ClInclude>
    <ClInclude Include="include\Player\Skill\SkillManager.h">
      <Filter>Header Files</Filter>
    </ClInclude>
  </ItemGroup>
  <ItemGroup>
    <ClCompile Include="source\Game.cpp">
      <Filter>Source Files</Filter>
    </ClCompile>
    <ClCompile Include="source\Entity\Entity.cpp">
      <Filter>Source Files\Entity</Filter>
    </ClCompile>
    <ClCompile Include="source\Entity\Object.cpp">
      <Filter>Source Files\Entity</Filter>
    </ClCompile>
    <ClCompile Include="source\Player\Player.cpp">
      <Filter>Source Files</Filter>
    </ClCompile>
<<<<<<< HEAD
    <ClCompile Include="source\AI\EntityManager.cpp">
=======
    <ClCompile Include="source\Player\Weapon\Weapon.cpp">
      <Filter>Source Files</Filter>
    </ClCompile>
    <ClCompile Include="source\Player\Weapon\WeaponManager.cpp">
>>>>>>> 98bea63279670e23c4c689bd3876564708fe2eea
      <Filter>Source Files</Filter>
    </ClCompile>
    <ClCompile Include="source\Player\Skill\Skill.cpp">
      <Filter>Source Files</Filter>
    </ClCompile>
  </ItemGroup>
  <ItemGroup>
    <Text Include="source\Projectile\gitinclude.txt" />
    <Text Include="source\Misc\gitinclude.txt" />
    <Text Include="source\AI\gitinclude.txt" />
    <Text Include="include\Misc\gitinclude.txt" />
    <Text Include="include\AI\gitinclude.txt" />
  </ItemGroup>
</Project>